
Microsoft Visual Studio Solution File, Format Version 12.00
# Visual Studio Version 17
VisualStudioVersion = 17.7.34024.191
MinimumVisualStudioVersion = 10.0.40219.1
Project("{9A19103F-16F7-4668-BE54-9A1E7A4F7556}") = "WinFormsApp4", "WinFormsApp4\WinFormsApp4.csproj", "{A2902D17-0204-4E1C-83EB-B9B6B4D64F54}"
EndProject
Project("{9A19103F-16F7-4668-BE54-9A1E7A4F7556}") = "Wage Calculator", "Wage Calculator\Wage Calculator.csproj", "{FF4DDA29-67A2-4BBA-B6C5-410BA1A20D2B}"
EndProject
Project("{9A19103F-16F7-4668-BE54-9A1E7A4F7556}") = "WinFormsApp1", "WinFormsApp1\WinFormsApp1.csproj", "{23EA5CF3-1FF6-41A4-BB3A-23BF86D667A2}"
EndProject
Project("{9A19103F-16F7-4668-BE54-9A1E7A4F7556}") = "Picture Box", "Picture Box\Picture Box.csproj", "{05FEAA01-F5CD-4FBC-86EF-BD8DB7FF4EE8}"
EndProject
Project("{9A19103F-16F7-4668-BE54-9A1E7A4F7556}") = "Flags", "Flags\Flags.csproj", "{E26EF65C-3EF9-4B3E-BECB-EA2FC04A6117}"
EndProject
Project("{9A19103F-16F7-4668-BE54-9A1E7A4F7556}") = "Picture Box 2", "Picture Box 2\Picture Box 2.csproj", "{82FDC567-E71E-4626-8B1E-A0486B04B4E2}"
EndProject
Project("{9A19103F-16F7-4668-BE54-9A1E7A4F7556}") = "TrackBar", "TrackBar\TrackBar.csproj", "{CA5BA7C4-DC4F-4CEC-B8B4-A76B320010F2}"
EndProject
Project("{9A19103F-16F7-4668-BE54-9A1E7A4F7556}") = "Distance Converter", "DIstance Converter\Distance Converter.csproj", "{458FF43F-EC27-4F98-B3DA-8334E86D7356}"
EndProject
Project("{9A19103F-16F7-4668-BE54-9A1E7A4F7556}") = "ComboBox", "ComboBox\ComboBox.csproj", "{FCA4C88F-DBAC-44A9-B01D-30E3988B8A4A}"
EndProject
Project("{FAE04EC0-301F-11D3-BF4B-00C04F79EFBC}") = "WebBrowser", "WebBrowser\WebBrowser.csproj", "{89DBED97-935E-4109-B9DE-5B38DEE0ABF7}"
EndProject
Global
	GlobalSection(SolutionConfigurationPlatforms) = preSolution
		Debug|Any CPU = Debug|Any CPU
		Release|Any CPU = Release|Any CPU
	EndGlobalSection
	GlobalSection(ProjectConfigurationPlatforms) = postSolution
		{A2902D17-0204-4E1C-83EB-B9B6B4D64F54}.Debug|Any CPU.ActiveCfg = Debug|Any CPU
		{A2902D17-0204-4E1C-83EB-B9B6B4D64F54}.Debug|Any CPU.Build.0 = Debug|Any CPU
		{A2902D17-0204-4E1C-83EB-B9B6B4D64F54}.Release|Any CPU.ActiveCfg = Release|Any CPU
		{A2902D17-0204-4E1C-83EB-B9B6B4D64F54}.Release|Any CPU.Build.0 = Release|Any CPU
		{FF4DDA29-67A2-4BBA-B6C5-410BA1A20D2B}.Debug|Any CPU.ActiveCfg = Debug|Any CPU
		{FF4DDA29-67A2-4BBA-B6C5-410BA1A20D2B}.Debug|Any CPU.Build.0 = Debug|Any CPU
		{FF4DDA29-67A2-4BBA-B6C5-410BA1A20D2B}.Release|Any CPU.ActiveCfg = Release|Any CPU
		{FF4DDA29-67A2-4BBA-B6C5-410BA1A20D2B}.Release|Any CPU.Build.0 = Release|Any CPU
		{23EA5CF3-1FF6-41A4-BB3A-23BF86D667A2}.Debug|Any CPU.ActiveCfg = Debug|Any CPU
		{23EA5CF3-1FF6-41A4-BB3A-23BF86D667A2}.Debug|Any CPU.Build.0 = Debug|Any CPU
		{23EA5CF3-1FF6-41A4-BB3A-23BF86D667A2}.Release|Any CPU.ActiveCfg = Release|Any CPU
		{23EA5CF3-1FF6-41A4-BB3A-23BF86D667A2}.Release|Any CPU.Build.0 = Release|Any CPU
		{05FEAA01-F5CD-4FBC-86EF-BD8DB7FF4EE8}.Debug|Any CPU.ActiveCfg = Debug|Any CPU
		{05FEAA01-F5CD-4FBC-86EF-BD8DB7FF4EE8}.Debug|Any CPU.Build.0 = Debug|Any CPU
		{05FEAA01-F5CD-4FBC-86EF-BD8DB7FF4EE8}.Release|Any CPU.ActiveCfg = Release|Any CPU
		{05FEAA01-F5CD-4FBC-86EF-BD8DB7FF4EE8}.Release|Any CPU.Build.0 = Release|Any CPU
		{E26EF65C-3EF9-4B3E-BECB-EA2FC04A6117}.Debug|Any CPU.ActiveCfg = Debug|Any CPU
		{E26EF65C-3EF9-4B3E-BECB-EA2FC04A6117}.Debug|Any CPU.Build.0 = Debug|Any CPU
		{E26EF65C-3EF9-4B3E-BECB-EA2FC04A6117}.Release|Any CPU.ActiveCfg = Release|Any CPU
		{E26EF65C-3EF9-4B3E-BECB-EA2FC04A6117}.Release|Any CPU.Build.0 = Release|Any CPU
		{82FDC567-E71E-4626-8B1E-A0486B04B4E2}.Debug|Any CPU.ActiveCfg = Debug|Any CPU
		{82FDC567-E71E-4626-8B1E-A0486B04B4E2}.Debug|Any CPU.Build.0 = Debug|Any CPU
		{82FDC567-E71E-4626-8B1E-A0486B04B4E2}.Release|Any CPU.ActiveCfg = Release|Any CPU
		{82FDC567-E71E-4626-8B1E-A0486B04B4E2}.Release|Any CPU.Build.0 = Release|Any CPU
		{CA5BA7C4-DC4F-4CEC-B8B4-A76B320010F2}.Debug|Any CPU.ActiveCfg = Debug|Any CPU
		{CA5BA7C4-DC4F-4CEC-B8B4-A76B320010F2}.Debug|Any CPU.Build.0 = Debug|Any CPU
		{CA5BA7C4-DC4F-4CEC-B8B4-A76B320010F2}.Release|Any CPU.ActiveCfg = Release|Any CPU
		{CA5BA7C4-DC4F-4CEC-B8B4-A76B320010F2}.Release|Any CPU.Build.0 = Release|Any CPU
		{458FF43F-EC27-4F98-B3DA-8334E86D7356}.Debug|Any CPU.ActiveCfg = Debug|Any CPU
		{458FF43F-EC27-4F98-B3DA-8334E86D7356}.Debug|Any CPU.Build.0 = Debug|Any CPU
		{458FF43F-EC27-4F98-B3DA-8334E86D7356}.Release|Any CPU.ActiveCfg = Release|Any CPU
		{458FF43F-EC27-4F98-B3DA-8334E86D7356}.Release|Any CPU.Build.0 = Release|Any CPU
		{FCA4C88F-DBAC-44A9-B01D-30E3988B8A4A}.Debug|Any CPU.ActiveCfg = Debug|Any CPU
		{FCA4C88F-DBAC-44A9-B01D-30E3988B8A4A}.Debug|Any CPU.Build.0 = Debug|Any CPU
		{FCA4C88F-DBAC-44A9-B01D-30E3988B8A4A}.Release|Any CPU.ActiveCfg = Release|Any CPU
		{FCA4C88F-DBAC-44A9-B01D-30E3988B8A4A}.Release|Any CPU.Build.0 = Release|Any CPU
		{89DBED97-935E-4109-B9DE-5B38DEE0ABF7}.Debug|Any CPU.ActiveCfg = Debug|Any CPU
		{89DBED97-935E-4109-B9DE-5B38DEE0ABF7}.Debug|Any CPU.Build.0 = Debug|Any CPU
		{89DBED97-935E-4109-B9DE-5B38DEE0ABF7}.Release|Any CPU.ActiveCfg = Release|Any CPU
		{89DBED97-935E-4109-B9DE-5B38DEE0ABF7}.Release|Any CPU.Build.0 = Release|Any CPU
	EndGlobalSection
	GlobalSection(SolutionProperties) = preSolution
		HideSolutionNode = FALSE
	EndGlobalSection
	GlobalSection(ExtensibilityGlobals) = postSolution
		SolutionGuid = {56D824A1-8F6D-47E6-8F4F-5A245231CAE9}
	EndGlobalSection
EndGlobal
